// !$*UTF8*$!
{
	archiveVersion = 1;
	classes = {
	};
	objectVersion = 77;
	objects = {

/* Begin PBXBuildFile section */
		82E9225E3073688400A52769 /* WidgetKit.framework in Frameworks */ = {isa = PBXBuildFile; fileRef = 82E9225D3073688400A52769 /* WidgetKit.framework */; };
		82E922603073688400A52769 /* SwiftUI.framework in Frameworks */ = {isa = PBXBuildFile; fileRef = 82E9225F3073688400A52769 /* SwiftUI.framework */; };
		82E9226B3073688600A52769 /* StudyDeadlineWidgetExtension.appex in Embed Foundation Extensions */ = {isa = PBXBuildFile; fileRef = 82E9225B3073688400A52769 /* StudyDeadlineWidgetExtension.appex */; settings = {ATTRIBUTES = (RemoveHeadersOnCopy, ); }; };
		82E9227430736EDD00A52769 /* WidgetDataStore.swift in Sources */ = {isa = PBXBuildFile; fileRef = 82E9227330736EDD00A52769 /* WidgetDataStore.swift */; };
		82E92283307372F400A52769 /* StudyDeadlineShare.appex in Embed Foundation Extensions */ = {isa = PBXBuildFile; fileRef = 82E92279307372F400A52769 /* StudyDeadlineShare.appex */; settings = {ATTRIBUTES = (RemoveHeadersOnCopy, ); }; };
		82E922D13074E9CA00A52769 /* README.md in Resources */ = {isa = PBXBuildFile; fileRef = 82E922D03074E9CA00A52769 /* README.md */; };
/* End PBXBuildFile section */

/* Begin PBXContainerItemProxy section */
		82E921AB306F81CD00A52769 /* PBXContainerItemProxy */ = {
			isa = PBXContainerItemProxy;
			containerPortal = 82E92190306F81CB00A52769 /* Project object */;
			proxyType = 1;
			remoteGlobalIDString = 82E92197306F81CB00A52769;
			remoteInfo = StudyDeadline;
		};
		82E921B5306F81CD00A52769 /* PBXContainerItemProxy */ = {
			isa = PBXContainerItemProxy;
			containerPortal = 82E92190306F81CB00A52769 /* Project object */;
			proxyType = 1;
			remoteGlobalIDString = 82E92197306F81CB00A52769;
			remoteInfo = StudyDeadline;
		};
		82E922693073688600A52769 /* PBXContainerItemProxy */ = {
			isa = PBXContainerItemProxy;
			containerPortal = 82E92190306F81CB00A52769 /* Project object */;
			proxyType = 1;
			remoteGlobalIDString = 82E9225A3073688400A52769;
			remoteInfo = StudyDeadlineWidgetExtension;
		};
		82E92281307372F400A52769 /* PBXContainerItemProxy */ = {
			isa = PBXContainerItemProxy;
			containerPortal = 82E92190306F81CB00A52769 /* Project object */;
			proxyType = 1;
			remoteGlobalIDString = 82E92278307372F400A52769;
			remoteInfo = StudyDeadlineShare;
		};
/* End PBXContainerItemProxy section */

/* Begin PBXCopyFilesBuildPhase section */
		82E922703073688600A52769 /* Embed Foundation Extensions */ = {
			isa = PBXCopyFilesBuildPhase;
			buildActionMask = 2147483647;
			dstPath = "";
			dstSubfolderSpec = 13;
			files = (
				82E92283307372F400A52769 /* StudyDeadlineShare.appex in Embed Foundation Extensions */,
				82E9226B3073688600A52769 /* StudyDeadlineWidgetExtension.appex in Embed Foundation Extensions */,
			);
			name = "Embed Foundation Extensions";
			runOnlyForDeploymentPostprocessing = 0;
		};
/* End PBXCopyFilesBuildPhase section */

/* Begin PBXFileReference section */
		82E92198306F81CB00A52769 /* StudyDeadline.app */ = {isa = PBXFileReference; explicitFileType = wrapper.application; includeInIndex = 0; path = StudyDeadline.app; sourceTree = BUILT_PRODUCTS_DIR; };
		82E921AA306F81CD00A52769 /* StudyDeadlineTests.xctest */ = {isa = PBXFileReference; explicitFileType = wrapper.cfbundle; includeInIndex = 0; path = StudyDeadlineTests.xctest; sourceTree = BUILT_PRODUCTS_DIR; };
		82E921B4306F81CD00A52769 /* StudyDeadlineUITests.xctest */ = {isa = PBXFileReference; explicitFileType = wrapper.cfbundle; includeInIndex = 0; path = StudyDeadlineUITests.xctest; sourceTree = BUILT_PRODUCTS_DIR; };
		82E9225B3073688400A52769 /* StudyDeadlineWidgetExtension.appex */ = {isa = PBXFileReference; explicitFileType = "wrapper.app-extension"; includeInIndex = 0; path = StudyDeadlineWidgetExtension.appex; sourceTree = BUILT_PRODUCTS_DIR; };
		82E9225D3073688400A52769 /* WidgetKit.framework */ = {isa = PBXFileReference; lastKnownFileType = wrapper.framework; name = WidgetKit.framework; path = System/Library/Frameworks/WidgetKit.framework; sourceTree = SDKROOT; };
		82E9225F3073688400A52769 /* SwiftUI.framework */ = {isa = PBXFileReference; lastKnownFileType = wrapper.framework; name = SwiftUI.framework; path = System/Library/Frameworks/SwiftUI.framework; sourceTree = SDKROOT; };
		82E9227230736E6400A52769 /* StudyDeadlineWidgetExtension.entitlements */ = {isa = PBXFileReference; lastKnownFileType = text.plist.entitlements; path = StudyDeadlineWidgetExtension.entitlements; sourceTree = "<group>"; };
		82E9227330736EDD00A52769 /* WidgetDataStore.swift */ = {isa = PBXFileReference; lastKnownFileType = sourcecode.swift; path = WidgetDataStore.swift; sourceTree = "<group>"; };
		82E92279307372F400A52769 /* StudyDeadlineShare.appex */ = {isa = PBXFileReference; explicitFileType = "wrapper.app-extension"; includeInIndex = 0; path = StudyDeadlineShare.appex; sourceTree = BUILT_PRODUCTS_DIR; };
		82E922D03074E9CA00A52769 /* README.md */ = {isa = PBXFileReference; lastKnownFileType = net.daringfireball.markdown; path = README.md; sourceTree = "<group>"; };
/* End PBXFileReference section */

/* Begin PBXFileSystemSynchronizedBuildFileExceptionSet section */
		82E9226C3073688600A52769 /* Exceptions for "StudyDeadlineWidget" folder in "StudyDeadlineWidgetExtension" target */ = {
			isa = PBXFileSystemSynchronizedBuildFileExceptionSet;
			membershipExceptions = (
				Info.plist,
			);
			target = 82E9225A3073688400A52769 /* StudyDeadlineWidgetExtension */;
		};
		82E92284307372F400A52769 /* Exceptions for "StudyDeadlineShare" folder in "StudyDeadlineShare" target */ = {
			isa = PBXFileSystemSynchronizedBuildFileExceptionSet;
			membershipExceptions = (
				Info.plist,
			);
			target = 82E92278307372F400A52769 /* StudyDeadlineShare */;
		};
/* End PBXFileSystemSynchronizedBuildFileExceptionSet section */

/* Begin PBXFileSystemSynchronizedRootGroup section */
		82E9219A306F81CB00A52769 /* StudyDeadline */ = {
			isa = PBXFileSystemSynchronizedRootGroup;
			path = StudyDeadline;
			sourceTree = "<group>";
		};
		82E921AD306F81CD00A52769 /* StudyDeadlineTests */ = {
			isa = PBXFileSystemSynchronizedRootGroup;
			path = StudyDeadlineTests;
			sourceTree = "<group>";
		};
		82E921B7306F81CD00A52769 /* StudyDeadlineUITests */ = {
			isa = PBXFileSystemSynchronizedRootGroup;
			path = StudyDeadlineUITests;
			sourceTree = "<group>";
		};
		82E922613073688400A52769 /* StudyDeadlineWidget */ = {
			isa = PBXFileSystemSynchronizedRootGroup;
			exceptions = (
				82E9226C3073688600A52769 /* Exceptions for "StudyDeadlineWidget" folder in "StudyDeadlineWidgetExtension" target */,
			);
			path = StudyDeadlineWidget;
			sourceTree = "<group>";
		};
		82E9227A307372F400A52769 /* StudyDeadlineShare */ = {
			isa = PBXFileSystemSynchronizedRootGroup;
			exceptions = (
				82E92284307372F400A52769 /* Exceptions for "StudyDeadlineShare" folder in "StudyDeadlineShare" target */,
			);
			path = StudyDeadlineShare;
			sourceTree = "<group>";
		};
/* End PBXFileSystemSynchronizedRootGroup section */

/* Begin PBXFrameworksBuildPhase section */
		82E92195306F81CB00A52769 /* Frameworks */ = {
			isa = PBXFrameworksBuildPhase;
			buildActionMask = 2147483647;
			files = (
			);
			runOnlyForDeploymentPostprocessing = 0;
		};
		82E921A7306F81CD00A52769 /* Frameworks */ = {
			isa = PBXFrameworksBuildPhase;
			buildActionMask = 2147483647;
			files = (
			);
			runOnlyForDeploymentPostprocessing = 0;
		};
		82E921B1306F81CD00A52769 /* Frameworks */ = {
			isa = PBXFrameworksBuildPhase;
			buildActionMask = 2147483647;
			files = (
			);
			runOnlyForDeploymentPostprocessing = 0;
		};
		82E922583073688400A52769 /* Frameworks */ = {
			isa = PBXFrameworksBuildPhase;
			buildActionMask = 2147483647;
			files = (
				82E922603073688400A52769 /* SwiftUI.framework in Frameworks */,
				82E9225E3073688400A52769 /* WidgetKit.framework in Frameworks */,
			);
			runOnlyForDeploymentPostprocessing = 0;
		};
		82E92276307372F400A52769 /* Frameworks */ = {
			isa = PBXFrameworksBuildPhase;
			buildActionMask = 2147483647;
			files = (
			);
			runOnlyForDeploymentPostprocessing = 0;
		};
/* End PBXFrameworksBuildPhase section */

/* Begin PBXGroup section */
		82E9218F306F81CB00A52769 = {
			isa = PBXGroup;
			children = (
				82E9227330736EDD00A52769 /* WidgetDataStore.swift */,
				82E922D03074E9CA00A52769 /* README.md */,
				82E9227230736E6400A52769 /* StudyDeadlineWidgetExtension.entitlements */,
				82E9219A306F81CB00A52769 /* StudyDeadline */,
				82E921AD306F81CD00A52769 /* StudyDeadlineTests */,
				82E921B7306F81CD00A52769 /* StudyDeadlineUITests */,
				82E922613073688400A52769 /* StudyDeadlineWidget */,
				82E9227A307372F400A52769 /* StudyDeadlineShare */,
				82E9225C3073688400A52769 /* Frameworks */,
				82E92199306F81CB00A52769 /* Products */,
			);
			sourceTree = "<group>";
		};
		82E92199306F81CB00A52769 /* Products */ = {
			isa = PBXGroup;
			children = (
				82E92198306F81CB00A52769 /* StudyDeadline.app */,
				82E921AA306F81CD00A52769 /* StudyDeadlineTests.xctest */,
				82E921B4306F81CD00A52769 /* StudyDeadlineUITests.xctest */,
				82E9225B3073688400A52769 /* StudyDeadlineWidgetExtension.appex */,
				82E92279307372F400A52769 /* StudyDeadlineShare.appex */,
			);
			name = Products;
			sourceTree = "<group>";
		};
		82E9225C3073688400A52769 /* Frameworks */ = {
			isa = PBXGroup;
			children = (
				82E9225D3073688400A52769 /* WidgetKit.framework */,
				82E9225F3073688400A52769 /* SwiftUI.framework */,
			);
			name = Frameworks;
			sourceTree = "<group>";
		};
/* End PBXGroup section */

/* Begin PBXNativeTarget section */
		82E92197306F81CB00A52769 /* StudyDeadline */ = {
			isa = PBXNativeTarget;
			buildConfigurationList = 82E921BE306F81CD00A52769 /* Build configuration list for PBXNativeTarget "StudyDeadline" */;
			buildPhases = (
				82E92194306F81CB00A52769 /* Sources */,
				82E92195306F81CB00A52769 /* Frameworks */,
				82E92196306F81CB00A52769 /* Resources */,
				82E922703073688600A52769 /* Embed Foundation Extensions */,
			);
			buildRules = (
			);
			dependencies = (
				82E9226A3073688600A52769 /* PBXTargetDependency */,
				82E92282307372F400A52769 /* PBXTargetDependency */,
			);
			fileSystemSynchronizedGroups = (
				82E9219A306F81CB00A52769 /* StudyDeadline */,
			);
			name = StudyDeadline;
			packageProductDependencies = (
			);
			productName = StudyDeadline;
			productReference = 82E92198306F81CB00A52769 /* StudyDeadline.app */;
			productType = "com.apple.product-type.application";
		};
		82E921A9306F81CD00A52769 /* StudyDeadlineTests */ = {
			isa = PBXNativeTarget;
			buildConfigurationList = 82E921C1306F81CD00A52769 /* Build configuration list for PBXNativeTarget "StudyDeadlineTests" */;
			buildPhases = (
				82E921A6306F81CD00A52769 /* Sources */,
				82E921A7306F81CD00A52769 /* Frameworks */,
				82E921A8306F81CD00A52769 /* Resources */,
			);
			buildRules = (
			);
			dependencies = (
				82E921AC306F81CD00A52769 /* PBXTargetDependency */,
			);
			fileSystemSynchronizedGroups = (
				82E921AD306F81CD00A52769 /* StudyDeadlineTests */,
			);
			name = StudyDeadlineTests;
			packageProductDependencies = (
			);
			productName = StudyDeadlineTests;
			productReference = 82E921AA306F81CD00A52769 /* StudyDeadlineTests.xctest */;
			productType = "com.apple.product-type.bundle.unit-test";
		};
		82E921B3306F81CD00A52769 /* StudyDeadlineUITests */ = {
			isa = PBXNativeTarget;
			buildConfigurationList = 82E921C4306F81CD00A52769 /* Build configuration list for PBXNativeTarget "StudyDeadlineUITests" */;
			buildPhases = (
				82E921B0306F81CD00A52769 /* Sources */,
				82E921B1306F81CD00A52769 /* Frameworks */,
				82E921B2306F81CD00A52769 /* Resources */,
			);
			buildRules = (
			);
			dependencies = (
				82E921B6306F81CD00A52769 /* PBXTargetDependency */,
			);
			fileSystemSynchronizedGroups = (
				82E921B7306F81CD00A52769 /* StudyDeadlineUITests */,
			);
			name = StudyDeadlineUITests;
			packageProductDependencies = (
			);
			productName = StudyDeadlineUITests;
			productReference = 82E921B4306F81CD00A52769 /* StudyDeadlineUITests.xctest */;
			productType = "com.apple.product-type.bundle.ui-testing";
		};
		82E9225A3073688400A52769 /* StudyDeadlineWidgetExtension */ = {
			isa = PBXNativeTarget;
			buildConfigurationList = 82E9226D3073688600A52769 /* Build configuration list for PBXNativeTarget "StudyDeadlineWidgetExtension" */;
			buildPhases = (
				82E922573073688400A52769 /* Sources */,
				82E922583073688400A52769 /* Frameworks */,
				82E922593073688400A52769 /* Resources */,
			);
			buildRules = (
			);
			dependencies = (
			);
			fileSystemSynchronizedGroups = (
				82E922613073688400A52769 /* StudyDeadlineWidget */,
			);
			name = StudyDeadlineWidgetExtension;
			packageProductDependencies = (
			);
			productName = StudyDeadlineWidgetExtension;
			productReference = 82E9225B3073688400A52769 /* StudyDeadlineWidgetExtension.appex */;
			productType = "com.apple.product-type.app-extension";
		};
		82E92278307372F400A52769 /* StudyDeadlineShare */ = {
			isa = PBXNativeTarget;
			buildConfigurationList = 82E92285307372F400A52769 /* Build configuration list for PBXNativeTarget "StudyDeadlineShare" */;
			buildPhases = (
				82E92275307372F400A52769 /* Sources */,
				82E92276307372F400A52769 /* Frameworks */,
				82E92277307372F400A52769 /* Resources */,
			);
			buildRules = (
			);
			dependencies = (
			);
			fileSystemSynchronizedGroups = (
				82E9227A307372F400A52769 /* StudyDeadlineShare */,
			);
			name = StudyDeadlineShare;
			packageProductDependencies = (
			);
			productName = StudyDeadlineShare;
			productReference = 82E92279307372F400A52769 /* StudyDeadlineShare.appex */;
			productType = "com.apple.product-type.app-extension";
		};
/* End PBXNativeTarget section */

/* Begin PBXProject section */
		82E92190306F81CB00A52769 /* Project object */ = {
			isa = PBXProject;
			attributes = {
				BuildIndependentTargetsInParallel = 1;
				LastSwiftUpdateCheck = 2660;
				LastUpgradeCheck = 2660;
				TargetAttributes = {
					82E92197306F81CB00A52769 = {
						CreatedOnToolsVersion = 26.6;
					};
					82E921A9306F81CD00A52769 = {
						CreatedOnToolsVersion = 26.6;
						TestTargetID = 82E92197306F81CB00A52769;
					};
					82E921B3306F81CD00A52769 = {
						CreatedOnToolsVersion = 26.6;
						TestTargetID = 82E92197306F81CB00A52769;
					};
					82E9225A3073688400A52769 = {
						CreatedOnToolsVersion = 26.6;
					};
					82E92278307372F400A52769 = {
						CreatedOnToolsVersion = 26.6;
					};
				};
			};
			buildConfigurationList = 82E92193306F81CB00A52769 /* Build configuration list for PBXProject "StudyDeadline" */;
			developmentRegion = en;
			hasScannedForEncodings = 0;
			knownRegions = (
				en,
				Base,
			);
			mainGroup = 82E9218F306F81CB00A52769;
			minimizedProjectReferenceProxies = 1;
			preferredProjectObjectVersion = 77;
			productRefGroup = 82E92199306F81CB00A52769 /* Products */;
			projectDirPath = "";
			projectRoot = "";
			targets = (
				82E92197306F81CB00A52769 /* StudyDeadline */,
				82E921A9306F81CD00A52769 /* StudyDeadlineTests */,
				82E921B3306F81CD00A52769 /* StudyDeadlineUITests */,
				82E9225A3073688400A52769 /* StudyDeadlineWidgetExtension */,
				82E92278307372F400A52769 /* StudyDeadlineShare */,
			);
		};
/* End PBXProject section */

/* Begin PBXResourcesBuildPhase section */
		82E92196306F81CB00A52769 /* Resources */ = {
			isa = PBXResourcesBuildPhase;
			buildActionMask = 2147483647;
			files = (
				82E922D13074E9CA00A52769 /* README.md in Resources */,
			);
			runOnlyForDeploymentPostprocessing = 0;
		};
		82E921A8306F81CD00A52769 /* Resources */ = {
			isa = PBXResourcesBuildPhase;
			buildActionMask = 2147483647;
			files = (
			);
			runOnlyForDeploymentPostprocessing = 0;
		};
		82E921B2306F81CD00A52769 /* Resources */ = {
			isa = PBXResourcesBuildPhase;
			buildActionMask = 2147483647;
			files = (
			);
			runOnlyForDeploymentPostprocessing = 0;
		};
		82E922593073688400A52769 /* Resources */ = {
			isa = PBXResourcesBuildPhase;
			buildActionMask = 2147483647;
			files = (
			);
			runOnlyForDeploymentPostprocessing = 0;
		};
		82E92277307372F400A52769 /* Resources */ = {
			isa = PBXResourcesBuildPhase;
			buildActionMask = 2147483647;
			files = (
			);
			runOnlyForDeploymentPostprocessing = 0;
		};
/* End PBXResourcesBuildPhase section */

/* Begin PBXSourcesBuildPhase section */
		82E92194306F81CB00A52769 /* Sources */ = {
			isa = PBXSourcesBuildPhase;
			buildActionMask = 2147483647;
			files = (
				82E9227430736EDD00A52769 /* WidgetDataStore.swift in Sources */,
			);
			runOnlyForDeploymentPostprocessing = 0;
		};
		82E921A6306F81CD00A52769 /* Sources */ = {
			isa = PBXSourcesBuildPhase;
			buildActionMask = 2147483647;
			files = (
			);
			runOnlyForDeploymentPostprocessing = 0;
		};
		82E921B0306F81CD00A52769 /* Sources */ = {
			isa = PBXSourcesBuildPhase;
			buildActionMask = 2147483647;
			files = (
			);
			runOnlyForDeploymentPostprocessing = 0;
		};
		82E922573073688400A52769 /* Sources */ = {
			isa = PBXSourcesBuildPhase;
			buildActionMask = 2147483647;
			files = (
			);
			runOnlyForDeploymentPostprocessing = 0;
		};
		82E92275307372F400A52769 /* Sources */ = {
			isa = PBXSourcesBuildPhase;
			buildActionMask = 2147483647;
			files = (
			);
			runOnlyForDeploymentPostprocessing = 0;
		};
/* End PBXSourcesBuildPhase section */

/* Begin PBXTargetDependency section */
		82E921AC306F81CD00A52769 /* PBXTargetDependency */ = {
			isa = PBXTargetDependency;
			target = 82E92197306F81CB00A52769 /* StudyDeadline */;
			targetProxy = 82E921AB306F81CD00A52769 /* PBXContainerItemProxy */;
		};
		82E921B6306F81CD00A52769 /* PBXTargetDependency */ = {
			isa = PBXTargetDependency;
			target = 82E92197306F81CB00A52769 /* StudyDeadline */;
			targetProxy = 82E921B5306F81CD00A52769 /* PBXContainerItemProxy */;
		};
		82E9226A3073688600A52769 /* PBXTargetDependency */ = {
			isa = PBXTargetDependency;
			target = 82E9225A3073688400A52769 /* StudyDeadlineWidgetExtension */;
			targetProxy = 82E922693073688600A52769 /* PBXContainerItemProxy */;
		};
		82E92282307372F400A52769 /* PBXTargetDependency */ = {
			isa = PBXTargetDependency;
			target = 82E92278307372F400A52769 /* StudyDeadlineShare */;
			targetProxy = 82E92281307372F400A52769 /* PBXContainerItemProxy */;
		};
/* End PBXTargetDependency section */

/* Begin XCBuildConfiguration section */
		82E921BC306F81CD00A52769 /* Debug */ = {
			isa = XCBuildConfiguration;
			buildSettings = {
				ALWAYS_SEARCH_USER_PATHS = NO;
				ASSETCATALOG_COMPILER_GENERATE_SWIFT_ASSET_SYMBOL_EXTENSIONS = YES;
				CLANG_ANALYZER_NONNULL = YES;
				CLANG_ANALYZER_NUMBER_OBJECT_CONVERSION = YES_AGGRESSIVE;
				CLANG_CXX_LANGUAGE_STANDARD = "gnu++20";
				CLANG_ENABLE_MODULES = YES;
				CLANG_ENABLE_OBJC_ARC = YES;
				CLANG_ENABLE_OBJC_WEAK = YES;
				CLANG_WARN_BLOCK_CAPTURE_AUTORELEASING = YES;
				CLANG_WARN_BOOL_CONVERSION = YES;
				CLANG_WARN_COMMA = YES;
				CLANG_WARN_CONSTANT_CONVERSION = YES;
				CLANG_WARN_DEPRECATED_OBJC_IMPLEMENTATIONS = YES;
				CLANG_WARN_DIRECT_OBJC_ISA_USAGE = YES_ERROR;
				CLANG_WARN_DOCUMENTATION_COMMENTS = YES;
				CLANG_WARN_EMPTY_BODY = YES;
				CLANG_WARN_ENUM_CONVERSION = YES;
				CLANG_WARN_INFINITE_RECURSION = YES;
				CLANG_WARN_INT_CONVERSION = YES;
				CLANG_WARN_NON_LITERAL_NULL_CONVERSION = YES;
				CLANG_WARN_OBJC_IMPLICIT_RETAIN_SELF = YES;
				CLANG_WARN_OBJC_LITERAL_CONVERSION = YES;
				CLANG_WARN_OBJC_ROOT_CLASS = YES_ERROR;
				CLANG_WARN_QUOTED_INCLUDE_IN_FRAMEWORK_HEADER = YES;
				CLANG_WARN_RANGE_LOOP_ANALYSIS = YES;
				CLANG_WARN_STRICT_PROTOTYPES = YES;
				CLANG_WARN_SUSPICIOUS_MOVE = YES;
				CLANG_WARN_UNGUARDED_AVAILABILITY = YES_AGGRESSIVE;
				CLANG_WARN_UNREACHABLE_CODE = YES;
				CLANG_WARN__DUPLICATE_METHOD_MATCH = YES;
				COPY_PHASE_STRIP = NO;
				DEBUG_INFORMATION_FORMAT = dwarf;
				ENABLE_STRICT_OBJC_MSGSEND = YES;
				ENABLE_TESTABILITY = YES;
				ENABLE_USER_SCRIPT_SANDBOXING = YES;
				GCC_C_LANGUAGE_STANDARD = gnu17;
				GCC_DYNAMIC_NO_PIC = NO;
				GCC_NO_COMMON_BLOCKS = YES;
				GCC_OPTIMIZATION_LEVEL = 0;
				GCC_PREPROCESSOR_DEFINITIONS = (
					"DEBUG=1",
					"$(inherited)",
				);
				GCC_WARN_64_TO_32_BIT_CONVERSION = YES;
				GCC_WARN_ABOUT_RETURN_TYPE = YES_ERROR;
				GCC_WARN_UNDECLARED_SELECTOR = YES;
				GCC_WARN_UNINITIALIZED_AUTOS = YES_AGGRESSIVE;
				GCC_WARN_UNUSED_FUNCTION = YES;
				GCC_WARN_UNUSED_VARIABLE = YES;
				IPHONEOS_DEPLOYMENT_TARGET = 26.5;
				LOCALIZATION_PREFERS_STRING_CATALOGS = YES;
				MTL_ENABLE_DEBUG_INFO = INCLUDE_SOURCE;
				MTL_FAST_MATH = YES;
				ONLY_ACTIVE_ARCH = YES;
				SDKROOT = iphoneos;
				SWIFT_ACTIVE_COMPILATION_CONDITIONS = "DEBUG $(inherited)";
				SWIFT_OPTIMIZATION_LEVEL = "-Onone";
			};
			name = Debug;
		};
		82E921BD306F81CD00A52769 /* Release */ = {
			isa = XCBuildConfiguration;
			buildSettings = {
				ALWAYS_SEARCH_USER_PATHS = NO;
				ASSETCATALOG_COMPILER_GENERATE_SWIFT_ASSET_SYMBOL_EXTENSIONS = YES;
				CLANG_ANALYZER_NONNULL = YES;
				CLANG_ANALYZER_NUMBER_OBJECT_CONVERSION = YES_AGGRESSIVE;
				CLANG_CXX_LANGUAGE_STANDARD = "gnu++20";
				CLANG_ENABLE_MODULES = YES;
				CLANG_ENABLE_OBJC_ARC = YES;
				CLANG_ENABLE_OBJC_WEAK = YES;
				CLANG_WARN_BLOCK_CAPTURE_AUTORELEASING = YES;
				CLANG_WARN_BOOL_CONVERSION = YES;
				CLANG_WARN_COMMA = YES;
				CLANG_WARN_CONSTANT_CONVERSION = YES;
				CLANG_WARN_DEPRECATED_OBJC_IMPLEMENTATIONS = YES;
				CLANG_WARN_DIRECT_OBJC_ISA_USAGE = YES_ERROR;
				CLANG_WARN_DOCUMENTATION_COMMENTS = YES;
				CLANG_WARN_EMPTY_BODY = YES;
				CLANG_WARN_ENUM_CONVERSION = YES;
				CLANG_WARN_INFINITE_RECURSION = YES;
				CLANG_WARN_INT_CONVERSION = YES;
				CLANG_WARN_NON_LITERAL_NULL_CONVERSION = YES;
				CLANG_WARN_OBJC_IMPLICIT_RETAIN_SELF = YES;
				CLANG_WARN_OBJC_LITERAL_CONVERSION = YES;
				CLANG_WARN_OBJC_ROOT_CLASS = YES_ERROR;
				CLANG_WARN_QUOTED_INCLUDE_IN_FRAMEWORK_HEADER = YES;
				CLANG_WARN_RANGE_LOOP_ANALYSIS = YES;
				CLANG_WARN_STRICT_PROTOTYPES = YES;
				CLANG_WARN_SUSPICIOUS_MOVE = YES;
				CLANG_WARN_UNGUARDED_AVAILABILITY = YES_AGGRESSIVE;
				CLANG_WARN_UNREACHABLE_CODE = YES;
				CLANG_WARN__DUPLICATE_METHOD_MATCH = YES;
				COPY_PHASE_STRIP = NO;
				DEBUG_INFORMATION_FORMAT = "dwarf-with-dsym";
				ENABLE_NS_ASSERTIONS = NO;
				ENABLE_STRICT_OBJC_MSGSEND = YES;
				ENABLE_USER_SCRIPT_SANDBOXING = YES;
				GCC_C_LANGUAGE_STANDARD = gnu17;
				GCC_NO_COMMON_BLOCKS = YES;
				GCC_WARN_64_TO_32_BIT_CONVERSION = YES;
				GCC_WARN_ABOUT_RETURN_TYPE = YES_ERROR;
				GCC_WARN_UNDECLARED_SELECTOR = YES;
				GCC_WARN_UNINITIALIZED_AUTOS = YES_AGGRESSIVE;
				GCC_WARN_UNUSED_FUNCTION = YES;
				GCC_WARN_UNUSED_VARIABLE = YES;
				IPHONEOS_DEPLOYMENT_TARGET = 26.5;
				LOCALIZATION_PREFERS_STRING_CATALOGS = YES;
				MTL_ENABLE_DEBUG_INFO = NO;
				MTL_FAST_MATH = YES;
				SDKROOT = iphoneos;
				SWIFT_COMPILATION_MODE = wholemodule;
				VALIDATE_PRODUCT = YES;
			};
			name = Release;
		};
		82E921BF306F81CD00A52769 /* Debug */ = {
			isa = XCBuildConfiguration;
			buildSettings = {
				ASSETCATALOG_COMPILER_APPICON_NAME = AppIcon;
				ASSETCATALOG_COMPILER_GLOBAL_ACCENT_COLOR_NAME = AccentColor;
				CODE_SIGN_ENTITLEMENTS = StudyDeadline/StudyDeadline.entitlements;
				CODE_SIGN_STYLE = Automatic;
				CURRENT_PROJECT_VERSION = 1;
				DEVELOPMENT_TEAM = 98XV5W93YF;
				ENABLE_PREVIEWS = YES;
				GENERATE_INFOPLIST_FILE = YES;
				INFOPLIST_KEY_UIApplicationSceneManifest_Generation = YES;
				INFOPLIST_KEY_UIApplicationSupportsIndirectInputEvents = YES;
				INFOPLIST_KEY_UILaunchScreen_Generation = YES;
				INFOPLIST_KEY_UISupportedInterfaceOrientations_iPad = "UIInterfaceOrientationPortrait UIInterfaceOrientationPortraitUpsideDown UIInterfaceOrientationLandscapeLeft UIInterfaceOrientationLandscapeRight";
				INFOPLIST_KEY_UISupportedInterfaceOrientations_iPhone = "UIInterfaceOrientationPortrait UIInterfaceOrientationLandscapeLeft UIInterfaceOrientationLandscapeRight";
				LD_RUNPATH_SEARCH_PATHS = (
					"$(inherited)",
					"@executable_path/Frameworks",
				);
				MARKETING_VERSION = 1.0;
				PRODUCT_BUNDLE_IDENTIFIER = com.felixlina.StudyDeadline;
				PRODUCT_NAME = "$(TARGET_NAME)";
				STRING_CATALOG_GENERATE_SYMBOLS = YES;
				SWIFT_APPROACHABLE_CONCURRENCY = YES;
				SWIFT_DEFAULT_ACTOR_ISOLATION = MainActor;
				SWIFT_EMIT_LOC_STRINGS = YES;
				SWIFT_UPCOMING_FEATURE_MEMBER_IMPORT_VISIBILITY = YES;
				SWIFT_VERSION = 5.0;
				TARGETED_DEVICE_FAMILY = "1,2";
			};
			name = Debug;
		};
		82E921C0306F81CD00A52769 /* Release */ = {
			isa = XCBuildConfiguration;
			buildSettings = {
				ASSETCATALOG_COMPILER_APPICON_NAME = AppIcon;
				ASSETCATALOG_COMPILER_GLOBAL_ACCENT_COLOR_NAME = AccentColor;
				CODE_SIGN_ENTITLEMENTS = StudyDeadline/StudyDeadline.entitlements;
				CODE_SIGN_STYLE = Automatic;
				CURRENT_PROJECT_VERSION = 1;
				DEVELOPMENT_TEAM = 98XV5W93YF;
				ENABLE_PREVIEWS = YES;
				GENERATE_INFOPLIST_FILE = YES;
				INFOPLIST_KEY_UIApplicationSceneManifest_Generation = YES;
				INFOPLIST_KEY_UIApplicationSupportsIndirectInputEvents = YES;
				INFOPLIST_KEY_UILaunchScreen_Generation = YES;
				INFOPLIST_KEY_UISupportedInterfaceOrientations_iPad = "UIInterfaceOrientationPortrait UIInterfaceOrientationPortraitUpsideDown UIInterfaceOrientationLandscapeLeft UIInterfaceOrientationLandscapeRight";
				INFOPLIST_KEY_UISupportedInterfaceOrientations_iPhone = "UIInterfaceOrientationPortrait UIInterfaceOrientationLandscapeLeft UIInterfaceOrientationLandscapeRight";
				LD_RUNPATH_SEARCH_PATHS = (
					"$(inherited)",
					"@executable_path/Frameworks",
				);
				MARKETING_VERSION = 1.0;
				PRODUCT_BUNDLE_IDENTIFIER = com.felixlina.StudyDeadline;
				PRODUCT_NAME = "$(TARGET_NAME)";
				STRING_CATALOG_GENERATE_SYMBOLS = YES;
				SWIFT_APPROACHABLE_CONCURRENCY = YES;
				SWIFT_DEFAULT_ACTOR_ISOLATION = MainActor;
				SWIFT_EMIT_LOC_STRINGS = YES;
				SWIFT_UPCOMING_FEATURE_MEMBER_IMPORT_VISIBILITY = YES;
				SWIFT_VERSION = 5.0;
				TARGETED_DEVICE_FAMILY = "1,2";
			};
			name = Release;
		};
		82E921C2306F81CD00A52769 /* Debug */ = {
			isa = XCBuildConfiguration;
			buildSettings = {
				BUNDLE_LOADER = "$(TEST_HOST)";
				CODE_SIGN_STYLE = Automatic;
				CURRENT_PROJECT_VERSION = 1;
				GENERATE_INFOPLIST_FILE = YES;
				IPHONEOS_DEPLOYMENT_TARGET = 26.5;
				MARKETING_VERSION = 1.0;
				PRODUCT_BUNDLE_IDENTIFIER = com.felixlina.StudyDeadlineTests;
				PRODUCT_NAME = "$(TARGET_NAME)";
				STRING_CATALOG_GENERATE_SYMBOLS = NO;
				SWIFT_APPROACHABLE_CONCURRENCY = YES;
				SWIFT_EMIT_LOC_STRINGS = NO;
				SWIFT_UPCOMING_FEATURE_MEMBER_IMPORT_VISIBILITY = YES;
				SWIFT_VERSION = 5.0;
				TARGETED_DEVICE_FAMILY = "1,2";
				TEST_HOST = "$(BUILT_PRODUCTS_DIR)/StudyDeadline.app/$(BUNDLE_EXECUTABLE_FOLDER_PATH)/StudyDeadline";
			};
			name = Debug;
		};
		82E921C3306F81CD00A52769 /* Release */ = {
			isa = XCBuildConfiguration;
			buildSettings = {
				BUNDLE_LOADER = "$(TEST_HOST)";
				CODE_SIGN_STYLE = Automatic;
				CURRENT_PROJECT_VERSION = 1;
				GENERATE_INFOPLIST_FILE = YES;
				IPHONEOS_DEPLOYMENT_TARGET = 26.5;
				MARKETING_VERSION = 1.0;
				PRODUCT_BUNDLE_IDENTIFIER = com.felixlina.StudyDeadlineTests;
				PRODUCT_NAME = "$(TARGET_NAME)";
				STRING_CATALOG_GENERATE_SYMBOLS = NO;
				SWIFT_APPROACHABLE_CONCURRENCY = YES;
				SWIFT_EMIT_LOC_STRINGS = NO;
				SWIFT_UPCOMING_FEATURE_MEMBER_IMPORT_VISIBILITY = YES;
				SWIFT_VERSION = 5.0;
				TARGETED_DEVICE_FAMILY = "1,2";
				TEST_HOST = "$(BUILT_PRODUCTS_DIR)/StudyDeadline.app/$(BUNDLE_EXECUTABLE_FOLDER_PATH)/StudyDeadline";
			};
			name = Release;
		};
		82E921C5306F81CD00A52769 /* Debug */ = {
			isa = XCBuildConfiguration;
			buildSettings = {
				CODE_SIGN_STYLE = Automatic;
				CURRENT_PROJECT_VERSION = 1;
				GENERATE_INFOPLIST_FILE = YES;
				MARKETING_VERSION = 1.0;
				PRODUCT_BUNDLE_IDENTIFIER = com.felixlina.StudyDeadlineUITests;
				PRODUCT_NAME = "$(TARGET_NAME)";
				STRING_CATALOG_GENERATE_SYMBOLS = NO;
				SWIFT_APPROACHABLE_CONCURRENCY = YES;
				SWIFT_EMIT_LOC_STRINGS = NO;
				SWIFT_UPCOMING_FEATURE_MEMBER_IMPORT_VISIBILITY = YES;
				SWIFT_VERSION = 5.0;
				TARGETED_DEVICE_FAMILY = "1,2";
				TEST_TARGET_NAME = StudyDeadline;
			};
			name = Debug;
		};
		82E921C6306F81CD00A52769 /* Release */ = {
			isa = XCBuildConfiguration;
			buildSettings = {
				CODE_SIGN_STYLE = Automatic;
				CURRENT_PROJECT_VERSION = 1;
				GENERATE_INFOPLIST_FILE = YES;
				MARKETING_VERSION = 1.0;
				PRODUCT_BUNDLE_IDENTIFIER = com.felixlina.StudyDeadlineUITests;
				PRODUCT_NAME = "$(TARGET_NAME)";
				STRING_CATALOG_GENERATE_SYMBOLS = NO;
				SWIFT_APPROACHABLE_CONCURRENCY = YES;
				SWIFT_EMIT_LOC_STRINGS = NO;
				SWIFT_UPCOMING_FEATURE_MEMBER_IMPORT_VISIBILITY = YES;
				SWIFT_VERSION = 5.0;
				TARGETED_DEVICE_FAMILY = "1,2";
				TEST_TARGET_NAME = StudyDeadline;
			};
			name = Release;
		};
		82E9226E3073688600A52769 /* Debug */ = {
			isa = XCBuildConfiguration;
			buildSettings = {
				ASSETCATALOG_COMPILER_GLOBAL_ACCENT_COLOR_NAME = AccentColor;
				ASSETCATALOG_COMPILER_WIDGET_BACKGROUND_COLOR_NAME = WidgetBackground;
				CODE_SIGN_ENTITLEMENTS = StudyDeadlineWidgetExtension.entitlements;
				CODE_SIGN_STYLE = Automatic;
				CURRENT_PROJECT_VERSION = 1;
				DEVELOPMENT_TEAM = 98XV5W93YF;
				GENERATE_INFOPLIST_FILE = YES;
				INFOPLIST_FILE = StudyDeadlineWidget/Info.plist;
				INFOPLIST_KEY_CFBundleDisplayName = StudyDeadlineWidget;
				INFOPLIST_KEY_NSHumanReadableCopyright = "";
				LD_RUNPATH_SEARCH_PATHS = (
					"$(inherited)",
					"@executable_path/Frameworks",
					"@executable_path/../../Frameworks",
				);
				MARKETING_VERSION = 1.0;
				PRODUCT_BUNDLE_IDENTIFIER = com.felixlina.StudyDeadline.StudyDeadlineWidget;
				PRODUCT_NAME = "$(TARGET_NAME)";
				SKIP_INSTALL = YES;
				STRING_CATALOG_GENERATE_SYMBOLS = YES;
				SWIFT_APPROACHABLE_CONCURRENCY = YES;
				SWIFT_EMIT_LOC_STRINGS = YES;
				SWIFT_UPCOMING_FEATURE_MEMBER_IMPORT_VISIBILITY = YES;
				SWIFT_VERSION = 5.0;
				TARGETED_DEVICE_FAMILY = "1,2";
			};
			name = Debug;
		};
		82E9226F3073688600A52769 /* Release */ = {
			isa = XCBuildConfiguration;
			buildSettings = {
				ASSETCATALOG_COMPILER_GLOBAL_ACCENT_COLOR_NAME = AccentColor;
				ASSETCATALOG_COMPILER_WIDGET_BACKGROUND_COLOR_NAME = WidgetBackground;
				CODE_SIGN_ENTITLEMENTS = StudyDeadlineWidgetExtension.entitlements;
				CODE_SIGN_STYLE = Automatic;
				CURRENT_PROJECT_VERSION = 1;
				DEVELOPMENT_TEAM = 98XV5W93YF;
				GENERATE_INFOPLIST_FILE = YES;
				INFOPLIST_FILE = StudyDeadlineWidget/Info.plist;
				INFOPLIST_KEY_CFBundleDisplayName = StudyDeadlineWidget;
				INFOPLIST_KEY_NSHumanReadableCopyright = "";
				LD_RUNPATH_SEARCH_PATHS = (
					"$(inherited)",
					"@executable_path/Frameworks",
					"@executable_path/../../Frameworks",
				);
				MARKETING_VERSION = 1.0;
				PRODUCT_BUNDLE_IDENTIFIER = com.felixlina.StudyDeadline.StudyDeadlineWidget;
				PRODUCT_NAME = "$(TARGET_NAME)";
				SKIP_INSTALL = YES;
				STRING_CATALOG_GENERATE_SYMBOLS = YES;
				SWIFT_APPROACHABLE_CONCURRENCY = YES;
				SWIFT_EMIT_LOC_STRINGS = YES;
				SWIFT_UPCOMING_FEATURE_MEMBER_IMPORT_VISIBILITY = YES;
				SWIFT_VERSION = 5.0;
				TARGETED_DEVICE_FAMILY = "1,2";
			};
			name = Release;
		};
		82E92286307372F400A52769 /* Debug */ = {
			isa = XCBuildConfiguration;
			buildSettings = {
				CODE_SIGN_ENTITLEMENTS = StudyDeadlineShare/StudyDeadlineShare.entitlements;
				CODE_SIGN_STYLE = Automatic;
				CURRENT_PROJECT_VERSION = 1;
				DEVELOPMENT_TEAM = 98XV5W93YF;
				GENERATE_INFOPLIST_FILE = YES;
				INFOPLIST_FILE = StudyDeadlineShare/Info.plist;
				INFOPLIST_KEY_CFBundleDisplayName = StudyDeadlineShare;
				INFOPLIST_KEY_NSHumanReadableCopyright = "";
				LD_RUNPATH_SEARCH_PATHS = (
					"$(inherited)",
					"@executable_path/Frameworks",
					"@executable_path/../../Frameworks",
				);
				MARKETING_VERSION = 1.0;
				PRODUCT_BUNDLE_IDENTIFIER = com.felixlina.StudyDeadline.StudyDeadlineShare;
				PRODUCT_NAME = "$(TARGET_NAME)";
				SKIP_INSTALL = YES;
				STRING_CATALOG_GENERATE_SYMBOLS = YES;
				SWIFT_APPROACHABLE_CONCURRENCY = YES;
				SWIFT_EMIT_LOC_STRINGS = YES;
				SWIFT_UPCOMING_FEATURE_MEMBER_IMPORT_VISIBILITY = YES;
				SWIFT_VERSION = 5.0;
				TARGETED_DEVICE_FAMILY = "1,2";
			};
			name = Debug;
		};
		82E92287307372F400A52769 /* Release */ = {
			isa = XCBuildConfiguration;
			buildSettings = {
				CODE_SIGN_ENTITLEMENTS = StudyDeadlineShare/StudyDeadlineShare.entitlements;
				CODE_SIGN_STYLE = Automatic;
				CURRENT_PROJECT_VERSION = 1;
				DEVELOPMENT_TEAM = 98XV5W93YF;
				GENERATE_INFOPLIST_FILE = YES;
				INFOPLIST_FILE = StudyDeadlineShare/Info.plist;
				INFOPLIST_KEY_CFBundleDisplayName = StudyDeadlineShare;
				INFOPLIST_KEY_NSHumanReadableCopyright = "";
				LD_RUNPATH_SEARCH_PATHS = (
					"$(inherited)",
					"@executable_path/Frameworks",
					"@executable_path/../../Frameworks",
				);
				MARKETING_VERSION = 1.0;
				PRODUCT_BUNDLE_IDENTIFIER = com.felixlina.StudyDeadline.StudyDeadlineShare;
				PRODUCT_NAME = "$(TARGET_NAME)";
				SKIP_INSTALL = YES;
				STRING_CATALOG_GENERATE_SYMBOLS = YES;
				SWIFT_APPROACHABLE_CONCURRENCY = YES;
				SWIFT_EMIT_LOC_STRINGS = YES;
				SWIFT_UPCOMING_FEATURE_MEMBER_IMPORT_VISIBILITY = YES;
				SWIFT_VERSION = 5.0;
				TARGETED_DEVICE_FAMILY = "1,2";
			};
			name = Release;
		};
/* End XCBuildConfiguration section */

/* Begin XCConfigurationList section */
		82E92193306F81CB00A52769 /* Build configuration list for PBXProject "StudyDeadline" */ = {
			isa = XCConfigurationList;
			buildConfigurations = (
				82E921BC306F81CD00A52769 /* Debug */,
				82E921BD306F81CD00A52769 /* Release */,
			);
			defaultConfigurationIsVisible = 0;
			defaultConfigurationName = Release;
		};
		82E921BE306F81CD00A52769 /* Build configuration list for PBXNativeTarget "StudyDeadline" */ = {
			isa = XCConfigurationList;
			buildConfigurations = (
				82E921BF306F81CD00A52769 /* Debug */,
				82E921C0306F81CD00A52769 /* Release */,
			);
			defaultConfigurationIsVisible = 0;
			defaultConfigurationName = Release;
		};
		82E921C1306F81CD00A52769 /* Build configuration list for PBXNativeTarget "StudyDeadlineTests" */ = {
			isa = XCConfigurationList;
			buildConfigurations = (
				82E921C2306F81CD00A52769 /* Debug */,
				82E921C3306F81CD00A52769 /* Release */,
			);
			defaultConfigurationIsVisible = 0;
			defaultConfigurationName = Release;
		};
		82E921C4306F81CD00A52769 /* Build configuration list for PBXNativeTarget "StudyDeadlineUITests" */ = {
			isa = XCConfigurationList;
			buildConfigurations = (
				82E921C5306F81CD00A52769 /* Debug */,
				82E921C6306F81CD00A52769 /* Release */,
			);
			defaultConfigurationIsVisible = 0;
			defaultConfigurationName = Release;
		};
		82E9226D3073688600A52769 /* Build configuration list for PBXNativeTarget "StudyDeadlineWidgetExtension" */ = {
			isa = XCConfigurationList;
			buildConfigurations = (
				82E9226E3073688600A52769 /* Debug */,
				82E9226F3073688600A52769 /* Release */,
			);
			defaultConfigurationIsVisible = 0;
			defaultConfigurationName = Release;
		};
		82E92285307372F400A52769 /* Build configuration list for PBXNativeTarget "StudyDeadlineShare" */ = {
			isa = XCConfigurationList;
			buildConfigurations = (
				82E92286307372F400A52769 /* Debug */,
				82E92287307372F400A52769 /* Release */,
			);
			defaultConfigurationIsVisible = 0;
			defaultConfigurationName = Release;
		};
/* End XCConfigurationList section */
	};
	rootObject = 82E92190306F81CB00A52769 /* Project object */;
}
